
Microsoft Visual Studio Solution File, Format Version 12.00
# Visual Studio Version 16
VisualStudioVersion = 16.0.30621.155
MinimumVisualStudioVersion = 10.0.40219.1
Project("{FAE04EC0-301F-11D3-BF4B-00C04F79EFBC}") = "ejemplos-asp-webforms", "ejemplos-asp-webforms\ejemplos-asp-webforms.csproj", "{F7B196A9-A498-46CD-99DD-968786C4ABAB}"
EndProject
Project("{FAE04EC0-301F-11D3-BF4B-00C04F79EFBC}") = "dominio", "..\..\C# 2 - MP\Version Maxi Final\ejemplos-ado-net-main\ejemplos-ado-net-main\dominio\dominio.csproj", "{1123F810-EF66-4379-8221-7D0BFE96C701}"
EndProject
Project("{FAE04EC0-301F-11D3-BF4B-00C04F79EFBC}") = "negocio", "..\..\C# 2 - MP\Version Maxi Final\ejemplos-ado-net-main\ejemplos-ado-net-main\negocio\negocio.csproj", "{974D539C-098C-4E52-89FB-7B433F91DC0C}"
EndProject
Global
	GlobalSection(SolutionConfigurationPlatforms) = preSolution
		Debug|Any CPU = Debug|Any CPU
		Release|Any CPU = Release|Any CPU
	EndGlobalSection
	GlobalSection(ProjectConfigurationPlatforms) = postSolution
		{F7B196A9-A498-46CD-99DD-968786C4ABAB}.Debug|Any CPU.ActiveCfg = Debug|Any CPU
		{F7B196A9-A498-46CD-99DD-968786C4ABAB}.Debug|Any CPU.Build.0 = Debug|Any CPU
		{F7B196A9-A498-46CD-99DD-968786C4ABAB}.Release|Any CPU.ActiveCfg = Release|Any CPU
		{F7B196A9-A498-46CD-99DD-968786C4ABAB}.Release|Any CPU.Build.0 = Release|Any CPU
		{1123F810-EF66-4379-8221-7D0BFE96C701}.Debug|Any CPU.ActiveCfg = Debug|Any CPU
		{1123F810-EF66-4379-8221-7D0BFE96C701}.Debug|Any CPU.Build.0 = Debug|Any CPU
		{1123F810-EF66-4379-8221-7D0BFE96C701}.Release|Any CPU.ActiveCfg = Release|Any CPU
		{1123F810-EF66-4379-8221-7D0BFE96C701}.Release|Any CPU.Build.0 = Release|Any CPU
		{974D539C-098C-4E52-89FB-7B433F91DC0C}.Debug|Any CPU.ActiveCfg = Debug|Any CPU
		{974D539C-098C-4E52-89FB-7B433F91DC0C}.Debug|Any CPU.Build.0 = Debug|Any CPU
		{974D539C-098C-4E52-89FB-7B433F91DC0C}.Release|Any CPU.ActiveCfg = Release|Any CPU
		{974D539C-098C-4E52-89FB-7B433F91DC0C}.Release|Any CPU.Build.0 = Release|Any CPU
	EndGlobalSection
	GlobalSection(SolutionProperties) = preSolution
		HideSolutionNode = FALSE
	EndGlobalSection
	GlobalSection(ExtensibilityGlobals) = postSolution
		SolutionGuid = {954220C4-A894-4780-B71C-70AC7641312E}
	EndGlobalSection
EndGlobal
